
Microsoft Visual Studio Solution File, Format Version 12.00
# Visual Studio 2013
VisualStudioVersion = 12.0.40629.0
MinimumVisualStudioVersion = 10.0.40219.1
Project("{2150E333-8FDC-42A3-9474-1A3956D46DE8}") = ".nuget", ".nuget", "{EFA18EE6-3F37-4D9F-9841-A5E64450D5A3}"
	ProjectSection(SolutionItems) = preProject
		.nuget\NuGet.Config = .nuget\NuGet.Config
		.nuget\NuGet.exe = .nuget\NuGet.exe
		.nuget\NuGet.targets = .nuget\NuGet.targets
	EndProjectSection
EndProject
Project("{2150E333-8FDC-42A3-9474-1A3956D46DE8}") = "src", "src", "{E2C311C7-FDC6-47EE-92CC-526428C65571}"
EndProject
Project("{FAE04EC0-301F-11D3-BF4B-00C04F79EFBC}") = "MarkN", "src\MarkN\MarkN.csproj", "{90A82B95-1691-4601-B1F5-B678E7CC50D1}"
EndProject
Project("{FAE04EC0-301F-11D3-BF4B-00C04F79EFBC}") = "MarkN.SelfHost", "src\MarkN.SelfHost\MarkN.SelfHost.csproj", "{1440F586-425F-4489-9E80-C8E9BA09DF1A}"
EndProject
Project("{FAE04EC0-301F-11D3-BF4B-00C04F79EFBC}") = "MarkN.AspNet", "src\MarkN.AspNet\MarkN.AspNet.csproj", "{775685BF-9AFB-4062-BF20-22B20EE38563}"
EndProject
Global
	GlobalSection(SolutionConfigurationPlatforms) = preSolution
		Debug|Any CPU = Debug|Any CPU
		Release|Any CPU = Release|Any CPU
	EndGlobalSection
	GlobalSection(ProjectConfigurationPlatforms) = postSolution
		{90A82B95-1691-4601-B1F5-B678E7CC50D1}.Debug|Any CPU.ActiveCfg = Debug|Any CPU
		{90A82B95-1691-4601-B1F5-B678E7CC50D1}.Debug|Any CPU.Build.0 = Debug|Any CPU
		{90A82B95-1691-4601-B1F5-B678E7CC50D1}.Release|Any CPU.ActiveCfg = Release|Any CPU
		{90A82B95-1691-4601-B1F5-B678E7CC50D1}.Release|Any CPU.Build.0 = Release|Any CPU
		{1440F586-425F-4489-9E80-C8E9BA09DF1A}.Debug|Any CPU.ActiveCfg = Debug|Any CPU
		{1440F586-425F-4489-9E80-C8E9BA09DF1A}.Debug|Any CPU.Build.0 = Debug|Any CPU
		{1440F586-425F-4489-9E80-C8E9BA09DF1A}.Release|Any CPU.ActiveCfg = Release|Any CPU
		{1440F586-425F-4489-9E80-C8E9BA09DF1A}.Release|Any CPU.Build.0 = Release|Any CPU
		{775685BF-9AFB-4062-BF20-22B20EE38563}.Debug|Any CPU.ActiveCfg = Debug|Any CPU
		{775685BF-9AFB-4062-BF20-22B20EE38563}.Debug|Any CPU.Build.0 = Debug|Any CPU
		{775685BF-9AFB-4062-BF20-22B20EE38563}.Release|Any CPU.ActiveCfg = Release|Any CPU
		{775685BF-9AFB-4062-BF20-22B20EE38563}.Release|Any CPU.Build.0 = Release|Any CPU
	EndGlobalSection
	GlobalSection(SolutionProperties) = preSolution
		HideSolutionNode = FALSE
	EndGlobalSection
	GlobalSection(NestedProjects) = preSolution
		{90A82B95-1691-4601-B1F5-B678E7CC50D1} = {E2C311C7-FDC6-47EE-92CC-526428C65571}
		{1440F586-425F-4489-9E80-C8E9BA09DF1A} = {E2C311C7-FDC6-47EE-92CC-526428C65571}
		{775685BF-9AFB-4062-BF20-22B20EE38563} = {E2C311C7-FDC6-47EE-92CC-526428C65571}
	EndGlobalSection
EndGlobal
